
Microsoft Visual Studio Solution File, Format Version 12.00
# Visual Studio Version 16
VisualStudioVersion = 16.0.31129.286
MinimumVisualStudioVersion = 10.0.40219.1
Project("{FAE04EC0-301F-11D3-BF4B-00C04F79EFBC}") = "DeleteSitefinityLogs", "DeleteSitefinityLogs.csproj", "{C7D5EEE3-3DDC-4B38-BCD2-0C46636C51FE}"
EndProject
Global
	GlobalSection(SolutionConfigurationPlatforms) = preSolution
		Debug|Any CPU = Debug|Any CPU
		Release|Any CPU = Release|Any CPU
	EndGlobalSection
	GlobalSection(ProjectConfigurationPlatforms) = postSolution
		{C7D5EEE3-3DDC-4B38-BCD2-0C46636C51FE}.Debug|Any CPU.ActiveCfg = Debug|Any CPU
		{C7D5EEE3-3DDC-4B38-BCD2-0C46636C51FE}.Debug|Any CPU.Build.0 = Debug|Any CPU
		{C7D5EEE3-3DDC-4B38-BCD2-0C46636C51FE}.Release|Any CPU.ActiveCfg = Release|Any CPU
		{C7D5EEE3-3DDC-4B38-BCD2-0C46636C51FE}.Release|Any CPU.Build.0 = Release|Any CPU
	EndGlobalSection
	GlobalSection(SolutionProperties) = preSolution
		HideSolutionNode = FALSE
	EndGlobalSection
	GlobalSection(ExtensibilityGlobals) = postSolution
		SolutionGuid = {CFD068E7-578D-472A-9CC1-E6EC126A0632}
	EndGlobalSection
EndGlobal
